
Microsoft Visual Studio Solution File, Format Version 12.00
# Visual Studio Version 17
VisualStudioVersion = 17.13.35919.96 d17.13
MinimumVisualStudioVersion = 10.0.40219.1
Project("{FAE04EC0-301F-11D3-BF4B-00C04F79EFBC}") = "PDFManagementApp", "PDFManagementApp.csproj", "{540CA1EB-145A-4848-8BE2-5FDA8AAB60F7}"
EndProject
Global
	GlobalSection(SolutionConfigurationPlatforms) = preSolution
		Debug|Any CPU = Debug|Any CPU
		Release|Any CPU = Release|Any CPU
	EndGlobalSection
	GlobalSection(ProjectConfigurationPlatforms) = postSolution
		{540CA1EB-145A-4848-8BE2-5FDA8AAB60F7}.Debug|Any CPU.ActiveCfg = Debug|Any CPU
		{540CA1EB-145A-4848-8BE2-5FDA8AAB60F7}.Debug|Any CPU.Build.0 = Debug|Any CPU
		{540CA1EB-145A-4848-8BE2-5FDA8AAB60F7}.Release|Any CPU.ActiveCfg = Release|Any CPU
		{540CA1EB-145A-4848-8BE2-5FDA8AAB60F7}.Release|Any CPU.Build.0 = Release|Any CPU
	EndGlobalSection
	GlobalSection(SolutionProperties) = preSolution
		HideSolutionNode = FALSE
	EndGlobalSection
	GlobalSection(ExtensibilityGlobals) = postSolution
		SolutionGuid = {E4EFB0EC-4A6F-4936-8F3E-F0BAA7D04181}
	EndGlobalSection
EndGlobal
